Microsoft Visual Studio Solution File, Format Version 12.00
# Visual Studio Version 17
VisualStudioVersion = 17.5.2.0
MinimumVisualStudioVersion = 10.0.40219.1
Project("{FAE04EC0-301F-11D3-BF4B-00C04F79EFBC}") = "dynamixel-sdk", "dynamixel-sdk.csproj", "{C988FC3E-CCBD-75A9-9BAF-5619B8FF8BC7}"
EndProject
Global
	GlobalSection(SolutionConfigurationPlatforms) = preSolution
		Debug|Any CPU = Debug|Any CPU
		Release|Any CPU = Release|Any CPU
	EndGlobalSection
	GlobalSection(ProjectConfigurationPlatforms) = postSolution
		{C988FC3E-CCBD-75A9-9BAF-5619B8FF8BC7}.Debug|Any CPU.ActiveCfg = Debug|Any CPU
		{C988FC3E-CCBD-75A9-9BAF-5619B8FF8BC7}.Debug|Any CPU.Build.0 = Debug|Any CPU
		{C988FC3E-CCBD-75A9-9BAF-5619B8FF8BC7}.Release|Any CPU.ActiveCfg = Release|Any CPU
		{C988FC3E-CCBD-75A9-9BAF-5619B8FF8BC7}.Release|Any CPU.Build.0 = Release|Any CPU
	EndGlobalSection
	GlobalSection(SolutionProperties) = preSolution
		HideSolutionNode = FALSE
	EndGlobalSection
	GlobalSection(ExtensibilityGlobals) = postSolution
		SolutionGuid = {B7A3C3AC-D87D-4377-9D09-F3D7C2DAF488}
	EndGlobalSection
EndGlobal
